Microsoft Visual Studio Solution File, Format Version 12.00
# Visual Studio Version 17
VisualStudioVersion = 17.5.2.0
MinimumVisualStudioVersion = 10.0.40219.1
Project("{FAE04EC0-301F-11D3-BF4B-00C04F79EFBC}") = "wiprotraining", "wiprotraining.csproj", "{38969906-E7AA-2BD2-BC00-29737EEFD6F9}"
EndProject
Project("{FAE04EC0-301F-11D3-BF4B-00C04F79EFBC}") = "Day_2", "Day_2\Day_2.csproj", "{A4B067F4-5A74-79A8-6353-08A733E54D35}"
EndProject
Project("{FAE04EC0-301F-11D3-BF4B-00C04F79EFBC}") = "Day_3", "Day_3\Day_3.csproj", "{3291016A-A197-4056-21C5-572666B93F3D}"
EndProject
Project("{FAE04EC0-301F-11D3-BF4B-00C04F79EFBC}") = "HelloApp", "HelloApp\HelloApp.csproj", "{2DE6F97E-3A6F-1720-C887-42E6DEFDB3CC}"
EndProject
Project("{2150E333-8FDC-42A3-9474-1A3956D46DE8}") = "Day_1", "Day_1", "{A010D9C7-98E7-3369-B83C-059CB73BE474}"
EndProject
Project("{2150E333-8FDC-42A3-9474-1A3956D46DE8}") = "Day_2 (1)", "Day_2 (1)", "{C6A8CCD9-F0CE-D62F-D438-6A86B14D8480}"
EndProject
Project("{FAE04EC0-301F-11D3-BF4B-00C04F79EFBC}") = "prog6", "Day_1\loopStructure\prog6.csproj", "{C8EB7562-BC45-3FE1-EE6F-4DB043D6FFC0}"
EndProject
Project("{FAE04EC0-301F-11D3-BF4B-00C04F79EFBC}") = "day1", "Day_1\Prog1\day1.csproj", "{C3AA862C-B3A9-A780-2849-A8F9F9D1DC89}"
EndProject
Project("{FAE04EC0-301F-11D3-BF4B-00C04F79EFBC}") = "prog2", "Day_1\prog2\prog2.csproj", "{E48D2021-D941-1D87-FC86-9BDEEE20296D}"
EndProject
Project("{FAE04EC0-301F-11D3-BF4B-00C04F79EFBC}") = "prog3", "Day_1\prog3\prog3.csproj", "{1909B88F-7D42-D5A7-E673-9EB6C03B6EB3}"
EndProject
Project("{FAE04EC0-301F-11D3-BF4B-00C04F79EFBC}") = "prog4", "Day_1\prog4\prog4.csproj", "{5CDD9A38-A8FA-3B34-ADFF-E7E4FAAC010C}"
EndProject
Project("{FAE04EC0-301F-11D3-BF4B-00C04F79EFBC}") = "prog5", "Day_1\prog5\prog5.csproj", "{40361245-6E0A-132D-FD2E-DD49F9E28C77}"
EndProject
Project("{FAE04EC0-301F-11D3-BF4B-00C04F79EFBC}") = "prog1", "Day_2\prog1\prog1.csproj", "{AC302819-2FDE-2552-7A62-43161B4DFAA6}"
EndProject
Project("{FAE04EC0-301F-11D3-BF4B-00C04F79EFBC}") = "prog2", "Day_2\prog2\prog2.csproj", "{B3F0B071-A5CC-B38E-510F-206493BAE600}"
EndProject
Project("{FAE04EC0-301F-11D3-BF4B-00C04F79EFBC}") = "prog3", "Day_2\prog3\prog3.csproj", "{E60D6BE4-C752-64C6-9543-9B1F8BBD4D8C}"
EndProject
Project("{FAE04EC0-301F-11D3-BF4B-00C04F79EFBC}") = "prog4", "Day_2\prog4\prog4.csproj", "{17920724-8A73-E54F-9F32-A8D7BEAC43B6}"
EndProject
Global
	GlobalSection(SolutionConfigurationPlatforms) = preSolution
		Debug|Any CPU = Debug|Any CPU
		Release|Any CPU = Release|Any CPU
	EndGlobalSection
	GlobalSection(ProjectConfigurationPlatforms) = postSolution
		{38969906-E7AA-2BD2-BC00-29737EEFD6F9}.Debug|Any CPU.ActiveCfg = Debug|Any CPU
		{38969906-E7AA-2BD2-BC00-29737EEFD6F9}.Debug|Any CPU.Build.0 = Debug|Any CPU
		{38969906-E7AA-2BD2-BC00-29737EEFD6F9}.Release|Any CPU.ActiveCfg = Release|Any CPU
		{38969906-E7AA-2BD2-BC00-29737EEFD6F9}.Release|Any CPU.Build.0 = Release|Any CPU
		{A4B067F4-5A74-79A8-6353-08A733E54D35}.Debug|Any CPU.ActiveCfg = Debug|Any CPU
		{A4B067F4-5A74-79A8-6353-08A733E54D35}.Debug|Any CPU.Build.0 = Debug|Any CPU
		{A4B067F4-5A74-79A8-6353-08A733E54D35}.Release|Any CPU.ActiveCfg = Release|Any CPU
		{A4B067F4-5A74-79A8-6353-08A733E54D35}.Release|Any CPU.Build.0 = Release|Any CPU
		{3291016A-A197-4056-21C5-572666B93F3D}.Debug|Any CPU.ActiveCfg = Debug|Any CPU
		{3291016A-A197-4056-21C5-572666B93F3D}.Debug|Any CPU.Build.0 = Debug|Any CPU
		{3291016A-A197-4056-21C5-572666B93F3D}.Release|Any CPU.ActiveCfg = Release|Any CPU
		{3291016A-A197-4056-21C5-572666B93F3D}.Release|Any CPU.Build.0 = Release|Any CPU
		{2DE6F97E-3A6F-1720-C887-42E6DEFDB3CC}.Debug|Any CPU.ActiveCfg = Debug|Any CPU
		{2DE6F97E-3A6F-1720-C887-42E6DEFDB3CC}.Debug|Any CPU.Build.0 = Debug|Any CPU
		{2DE6F97E-3A6F-1720-C887-42E6DEFDB3CC}.Release|Any CPU.ActiveCfg = Release|Any CPU
		{2DE6F97E-3A6F-1720-C887-42E6DEFDB3CC}.Release|Any CPU.Build.0 = Release|Any CPU
		{C8EB7562-BC45-3FE1-EE6F-4DB043D6FFC0}.Debug|Any CPU.ActiveCfg = Debug|Any CPU
		{C8EB7562-BC45-3FE1-EE6F-4DB043D6FFC0}.Debug|Any CPU.Build.0 = Debug|Any CPU
		{C8EB7562-BC45-3FE1-EE6F-4DB043D6FFC0}.Release|Any CPU.ActiveCfg = Release|Any CPU
		{C8EB7562-BC45-3FE1-EE6F-4DB043D6FFC0}.Release|Any CPU.Build.0 = Release|Any CPU
		{C3AA862C-B3A9-A780-2849-A8F9F9D1DC89}.Debug|Any CPU.ActiveCfg = Debug|Any CPU
		{C3AA862C-B3A9-A780-2849-A8F9F9D1DC89}.Debug|Any CPU.Build.0 = Debug|Any CPU
		{C3AA862C-B3A9-A780-2849-A8F9F9D1DC89}.Release|Any CPU.ActiveCfg = Release|Any CPU
		{C3AA862C-B3A9-A780-2849-A8F9F9D1DC89}.Release|Any CPU.Build.0 = Release|Any CPU
		{E48D2021-D941-1D87-FC86-9BDEEE20296D}.Debug|Any CPU.ActiveCfg = Debug|Any CPU
		{E48D2021-D941-1D87-FC86-9BDEEE20296D}.Debug|Any CPU.Build.0 = Debug|Any CPU
		{E48D2021-D941-1D87-FC86-9BDEEE20296D}.Release|Any CPU.ActiveCfg = Release|Any CPU
		{E48D2021-D941-1D87-FC86-9BDEEE20296D}.Release|Any CPU.Build.0 = Release|Any CPU
		{1909B88F-7D42-D5A7-E673-9EB6C03B6EB3}.Debug|Any CPU.ActiveCfg = Debug|Any CPU
		{1909B88F-7D42-D5A7-E673-9EB6C03B6EB3}.Debug|Any CPU.Build.0 = Debug|Any CPU
		{1909B88F-7D42-D5A7-E673-9EB6C03B6EB3}.Release|Any CPU.ActiveCfg = Release|Any CPU
		{1909B88F-7D42-D5A7-E673-9EB6C03B6EB3}.Release|Any CPU.Build.0 = Release|Any CPU
		{5CDD9A38-A8FA-3B34-ADFF-E7E4FAAC010C}.Debug|Any CPU.ActiveCfg = Debug|Any CPU
		{5CDD9A38-A8FA-3B34-ADFF-E7E4FAAC010C}.Debug|Any CPU.Build.0 = Debug|Any CPU
		{5CDD9A38-A8FA-3B34-ADFF-E7E4FAAC010C}.Release|Any CPU.ActiveCfg = Release|Any CPU
		{5CDD9A38-A8FA-3B34-ADFF-E7E4FAAC010C}.Release|Any CPU.Build.0 = Release|Any CPU
		{40361245-6E0A-132D-FD2E-DD49F9E28C77}.Debug|Any CPU.ActiveCfg = Debug|Any CPU
		{40361245-6E0A-132D-FD2E-DD49F9E28C77}.Debug|Any CPU.Build.0 = Debug|Any CPU
		{40361245-6E0A-132D-FD2E-DD49F9E28C77}.Release|Any CPU.ActiveCfg = Release|Any CPU
		{40361245-6E0A-132D-FD2E-DD49F9E28C77}.Release|Any CPU.Build.0 = Release|Any CPU
		{AC302819-2FDE-2552-7A62-43161B4DFAA6}.Debug|Any CPU.ActiveCfg = Debug|Any CPU
		{AC302819-2FDE-2552-7A62-43161B4DFAA6}.Debug|Any CPU.Build.0 = Debug|Any CPU
		{AC302819-2FDE-2552-7A62-43161B4DFAA6}.Release|Any CPU.ActiveCfg = Release|Any CPU
		{AC302819-2FDE-2552-7A62-43161B4DFAA6}.Release|Any CPU.Build.0 = Release|Any CPU
		{B3F0B071-A5CC-B38E-510F-206493BAE600}.Debug|Any CPU.ActiveCfg = Debug|Any CPU
		{B3F0B071-A5CC-B38E-510F-206493BAE600}.Debug|Any CPU.Build.0 = Debug|Any CPU
		{B3F0B071-A5CC-B38E-510F-206493BAE600}.Release|Any CPU.ActiveCfg = Release|Any CPU
		{B3F0B071-A5CC-B38E-510F-206493BAE600}.Release|Any CPU.Build.0 = Release|Any CPU
		{E60D6BE4-C752-64C6-9543-9B1F8BBD4D8C}.Debug|Any CPU.ActiveCfg = Debug|Any CPU
		{E60D6BE4-C752-64C6-9543-9B1F8BBD4D8C}.Debug|Any CPU.Build.0 = Debug|Any CPU
		{E60D6BE4-C752-64C6-9543-9B1F8BBD4D8C}.Release|Any CPU.ActiveCfg = Release|Any CPU
		{E60D6BE4-C752-64C6-9543-9B1F8BBD4D8C}.Release|Any CPU.Build.0 = Release|Any CPU
		{17920724-8A73-E54F-9F32-A8D7BEAC43B6}.Debug|Any CPU.ActiveCfg = Debug|Any CPU
		{17920724-8A73-E54F-9F32-A8D7BEAC43B6}.Debug|Any CPU.Build.0 = Debug|Any CPU
		{17920724-8A73-E54F-9F32-A8D7BEAC43B6}.Release|Any CPU.ActiveCfg = Release|Any CPU
		{17920724-8A73-E54F-9F32-A8D7BEAC43B6}.Release|Any CPU.Build.0 = Release|Any CPU
	EndGlobalSection
	GlobalSection(SolutionProperties) = preSolution
		HideSolutionNode = FALSE
	EndGlobalSection
	GlobalSection(NestedProjects) = preSolution
		{C8EB7562-BC45-3FE1-EE6F-4DB043D6FFC0} = {A010D9C7-98E7-3369-B83C-059CB73BE474}
		{C3AA862C-B3A9-A780-2849-A8F9F9D1DC89} = {A010D9C7-98E7-3369-B83C-059CB73BE474}
		{E48D2021-D941-1D87-FC86-9BDEEE20296D} = {A010D9C7-98E7-3369-B83C-059CB73BE474}
		{1909B88F-7D42-D5A7-E673-9EB6C03B6EB3} = {A010D9C7-98E7-3369-B83C-059CB73BE474}
		{5CDD9A38-A8FA-3B34-ADFF-E7E4FAAC010C} = {A010D9C7-98E7-3369-B83C-059CB73BE474}
		{40361245-6E0A-132D-FD2E-DD49F9E28C77} = {A010D9C7-98E7-3369-B83C-059CB73BE474}
		{AC302819-2FDE-2552-7A62-43161B4DFAA6} = {C6A8CCD9-F0CE-D62F-D438-6A86B14D8480}
		{B3F0B071-A5CC-B38E-510F-206493BAE600} = {C6A8CCD9-F0CE-D62F-D438-6A86B14D8480}
		{E60D6BE4-C752-64C6-9543-9B1F8BBD4D8C} = {C6A8CCD9-F0CE-D62F-D438-6A86B14D8480}
		{17920724-8A73-E54F-9F32-A8D7BEAC43B6} = {C6A8CCD9-F0CE-D62F-D438-6A86B14D8480}
	EndGlobalSection
	GlobalSection(ExtensibilityGlobals) = postSolution
		SolutionGuid = {87EC8D57-926C-403A-B8DE-3E604B0DB3BC}
	EndGlobalSection
EndGlobal
